
Microsoft Visual Studio Solution File, Format Version 12.00
# Visual Studio Version 17
VisualStudioVersion = 17.0.31903.59
MinimumVisualStudioVersion = 10.0.40219.1
Project("{FAE04EC0-301F-11D3-BF4B-00C04F79EFBC}") = "Infrastructure", "Infrastructure\Infrastructure.csproj", "{036AC2FD-2B8A-4AB7-B91B-97366D730216}"
EndProject
Project("{FAE04EC0-301F-11D3-BF4B-00C04F79EFBC}") = "Core", "Core\Core.csproj", "{08B2E71C-C736-43AF-A501-35D9EC370829}"
EndProject
Project("{FAE04EC0-301F-11D3-BF4B-00C04F79EFBC}") = "ApiSkeleton3", "ApiSkeleton3\ApiSkeleton3.csproj", "{C93F6FED-47CA-4B1A-AF75-E2A661A04667}"
EndProject
Global
	GlobalSection(SolutionConfigurationPlatforms) = preSolution
		Debug|Any CPU = Debug|Any CPU
		Release|Any CPU = Release|Any CPU
	EndGlobalSection
	GlobalSection(SolutionProperties) = preSolution
		HideSolutionNode = FALSE
	EndGlobalSection
	GlobalSection(ProjectConfigurationPlatforms) = postSolution
		{036AC2FD-2B8A-4AB7-B91B-97366D730216}.Debug|Any CPU.ActiveCfg = Debug|Any CPU
		{036AC2FD-2B8A-4AB7-B91B-97366D730216}.Debug|Any CPU.Build.0 = Debug|Any CPU
		{036AC2FD-2B8A-4AB7-B91B-97366D730216}.Release|Any CPU.ActiveCfg = Release|Any CPU
		{036AC2FD-2B8A-4AB7-B91B-97366D730216}.Release|Any CPU.Build.0 = Release|Any CPU
		{08B2E71C-C736-43AF-A501-35D9EC370829}.Debug|Any CPU.ActiveCfg = Debug|Any CPU
		{08B2E71C-C736-43AF-A501-35D9EC370829}.Debug|Any CPU.Build.0 = Debug|Any CPU
		{08B2E71C-C736-43AF-A501-35D9EC370829}.Release|Any CPU.ActiveCfg = Release|Any CPU
		{08B2E71C-C736-43AF-A501-35D9EC370829}.Release|Any CPU.Build.0 = Release|Any CPU
		{C93F6FED-47CA-4B1A-AF75-E2A661A04667}.Debug|Any CPU.ActiveCfg = Debug|Any CPU
		{C93F6FED-47CA-4B1A-AF75-E2A661A04667}.Debug|Any CPU.Build.0 = Debug|Any CPU
		{C93F6FED-47CA-4B1A-AF75-E2A661A04667}.Release|Any CPU.ActiveCfg = Release|Any CPU
		{C93F6FED-47CA-4B1A-AF75-E2A661A04667}.Release|Any CPU.Build.0 = Release|Any CPU
	EndGlobalSection
EndGlobal
